data extraction:
  cmd: python sesame/create_dataset.py
  deps:
  - path: sesame/create_dataset.py
    md5: 08fb09aec6503a574d6bb79e869f9c4c
    size: 1083
  outs:
  - path: assets/data
    md5: 51976864b41ab77aec6de7f74dc9b786.dir
    size: 73378
    nfiles: 2
feature extraction:
  cmd: python sesame/extract_features.py
  deps:
  - path: assets/data
    md5: 51976864b41ab77aec6de7f74dc9b786.dir
    size: 73378
    nfiles: 2
  - path: sesame/extract_features.py
    md5: c2da26092861f75abdbcd978ca476ce9
    size: 1771
  outs:
  - path: assets/features
    md5: 31b5ff5f6d667bb08afb2f7b299c3372.dir
    size: 260070
    nfiles: 4
model training:
  cmd: python sesame/train_model.py
  deps:
  - path: assets/features
    md5: 31b5ff5f6d667bb08afb2f7b299c3372.dir
    size: 260070
    nfiles: 4
  - path: sesame/train_model.py
    md5: ccdd82c820491bf4af126d9d87185b74
    size: 685
  outs:
  - path: assets/models
    md5: 227e761a4552b39d12965c2fac99ceba.dir
    size: 5555
    nfiles: 1
model evaluation:
  cmd: python sesame/evaluate_model.py
  deps:
  - path: assets/features
    md5: 31b5ff5f6d667bb08afb2f7b299c3372.dir
    size: 260070
    nfiles: 4
  - path: assets/models
    md5: 227e761a4552b39d12965c2fac99ceba.dir
    size: 5555
    nfiles: 1
  - path: sesame/evaluate_model.py
    md5: 5a2cf821bf4364f6ac0f65b0c142095e
    size: 888
  outs:
  - path: assets/metrics.json
    md5: 5ed84f37f220a54543b5ca93a3c86704
    size: 61
