data extraction:
  cmd: python sesame/create_dataset.py
  deps:
  - path: sesame/create_dataset.py
    md5: 08fb09aec6503a574d6bb79e869f9c4c
    size: 1083
  outs:
  - path: assets/data
    md5: 51976864b41ab77aec6de7f74dc9b786.dir
    size: 73378
    nfiles: 2
feature extraction:
  cmd: python sesame/extract_features.py
  deps:
  - path: assets/data
    md5: 51976864b41ab77aec6de7f74dc9b786.dir
    size: 73378
    nfiles: 2
  - path: sesame/extract_features.py
    md5: c2da26092861f75abdbcd978ca476ce9
    size: 1771
  outs:
  - path: assets/features
    md5: 31b5ff5f6d667bb08afb2f7b299c3372.dir
    size: 260070
    nfiles: 4
model training:
  cmd: python sesame/train_model.py
  deps:
  - path: assets/features
    md5: 31b5ff5f6d667bb08afb2f7b299c3372.dir
    size: 260070
    nfiles: 4
  - path: sesame/train_model.py
    md5: 9efee3c472468e4e667f83b7f349af4e
    size: 833
  outs:
  - path: assets/models
    md5: 3eaa5ee331601195beafa57cbd51b2fa.dir
    size: 36864947
    nfiles: 1
model evaluation:
  cmd: python sesame/evaluate_model.py
  deps:
  - path: assets/features
    md5: 31b5ff5f6d667bb08afb2f7b299c3372.dir
    size: 260070
    nfiles: 4
  - path: assets/models
    md5: 3eaa5ee331601195beafa57cbd51b2fa.dir
    size: 36864947
    nfiles: 1
  - path: sesame/evaluate_model.py
    md5: 5a2cf821bf4364f6ac0f65b0c142095e
    size: 888
  outs:
  - path: assets/metrics.json
    md5: b1eae337469b9e93dd5a88db587f1dca
    size: 61
