data extraction:
  cmd: python sesame/create_dataset.py
  deps:
  - path: sesame/create_dataset.py
    md5: 08fb09aec6503a574d6bb79e869f9c4c
    size: 1083
  outs:
  - path: assets/data
    md5: 51976864b41ab77aec6de7f74dc9b786.dir
    size: 73378
    nfiles: 2
feature extraction:
  cmd: python sesame/extract_features.py
  deps:
  - path: assets/data
    md5: 51976864b41ab77aec6de7f74dc9b786.dir
    size: 73378
    nfiles: 2
  - path: sesame/extract_features.py
    md5: c1f4f50436795557629007de1dfc2bac
    size: 1887
  outs:
  - path: assets/features
    md5: b81a3777a8854889d3e8822ff8c9e9de.dir
    size: 196678
    nfiles: 4
model training:
  cmd: python sesame/train_model.py
  deps:
  - path: assets/features
    md5: b81a3777a8854889d3e8822ff8c9e9de.dir
    size: 196678
    nfiles: 4
  - path: sesame/train_model.py
    md5: 461f4c81880a142e176c76f24b2872bb
    size: 740
  outs:
  - path: assets/models
    md5: 64d0907e6ed57ce15255bc8f02a5204b.dir
    size: 16417
    nfiles: 1
model evaluation:
  cmd: python sesame/evaluate_model.py
  deps:
  - path: assets/features
    md5: b81a3777a8854889d3e8822ff8c9e9de.dir
    size: 196678
    nfiles: 4
  - path: assets/models
    md5: 64d0907e6ed57ce15255bc8f02a5204b.dir
    size: 16417
    nfiles: 1
  - path: sesame/evaluate_model.py
    md5: 5a2cf821bf4364f6ac0f65b0c142095e
    size: 888
  outs:
  - path: assets/metrics.json
    md5: c35e51424fcf668e8cc1a6ba86da74fe
    size: 62
